{
  "name": "twillio",
  "lockfileVersion": 2,
  "requires": true,
  "packages": {
    "": {
      "dependencies": {
        "pitch-shift": "*"
      }
    },
    "node_modules/bit-twiddle": {
      "version": "0.0.2",
      "resolved": "https://registry.npmjs.org/bit-twiddle/-/bit-twiddle-0.0.2.tgz",
      "integrity": "sha512-76iFAOrkcuw5UPA30Pt32XaytMHXz/04JembgIwsQAp7ImHYSWNq1shBbrlWf6CUvh1+amQ81LI8hNhqQgsBEw=="
    },
    "node_modules/cwise": {
      "version": "0.1.2",
      "resolved": "https://registry.npmjs.org/cwise/-/cwise-0.1.2.tgz",
      "integrity": "sha512-eXla00JmiEzetUZM3d5/YBHZyaBGj6HZFAIvOLenjtJl/aVm9OK+8MIi91WnLvWp54MxCq/cJazQFBNS4XDL4g==",
      "dependencies": {
        "falafel": "~0.1.6"
      }
    },
    "node_modules/detect-pitch": {
      "version": "0.1.2",
      "resolved": "https://registry.npmjs.org/detect-pitch/-/detect-pitch-0.1.2.tgz",
      "integrity": "sha512-dsIRyIGumgAkTGODB2SEQGf0xK++41Xv8fXPFUdqIJDG/t+eR8q5D/JcvPae8ikvbef+tQ2RxI1FaVsKwV9deA==",
      "dependencies": {
        "bit-twiddle": "~0.0.2",
        "ndarray": "~0.2.4",
        "ndarray-fft": "~0.0.2",
        "ndarray-ops": "~0.1.3",
        "typedarray-pool": "~0.1.1"
      }
    },
    "node_modules/dup": {
      "version": "0.0.0",
      "resolved": "https://registry.npmjs.org/dup/-/dup-0.0.0.tgz",
      "integrity": "sha512-gfPVn3o0/vNDPsVcLGQqwrVXBELWi4EyIo+Pl6ImnYpXEHbfGPfc6m5bfJlBQI8dr8d8A4AlDaH/inn331GIEA=="
    },
    "node_modules/esprima": {
      "version": "1.0.4",
      "resolved": "https://registry.npmjs.org/esprima/-/esprima-1.0.4.tgz",
      "integrity": "sha512-rp5dMKN8zEs9dfi9g0X1ClLmV//WRyk/R15mppFNICIFRG5P92VP7Z04p8pk++gABo9W2tY+kHyu6P1mEHgmTA==",
      "bin": {
        "esparse": "bin/esparse.js",
        "esvalidate": "bin/esvalidate.js"
      },
      "engines": {
        "node": ">=0.4.0"
      }
    },
    "node_modules/falafel": {
      "version": "0.1.6",
      "resolved": "https://registry.npmjs.org/falafel/-/falafel-0.1.6.tgz",
      "integrity": "sha512-r1s3VwKzm6PB35MZmnfZoF6NTgSKRxf8How2lBsrDq81OsYXb/2fR8ysfURHCTlFpqJDQVA88iB70wFrFRYDsA==",
      "dependencies": {
        "esprima": "~1.0.2"
      },
      "engines": {
        "node": ">=0.4.0"
      }
    },
    "node_modules/frame-hop": {
      "version": "0.0.0",
      "resolved": "https://registry.npmjs.org/frame-hop/-/frame-hop-0.0.0.tgz",
      "integrity": "sha512-rOZAZ2cT1oLiKYKQdlG40fktu8Pma8RYyqCxgoiGPno1hoRwo9G39i2KPFwkfzBecJGL8V/312QynNNR/1+W7w=="
    },
    "node_modules/ndarray": {
      "version": "0.2.4",
      "resolved": "https://registry.npmjs.org/ndarray/-/ndarray-0.2.4.tgz",
      "integrity": "sha512-LJMawx4VXPIwq5WgaFzBjT/+gvOq45VNqlhSDcm+n39Yqc3CRZwgYB8ZWNnQZUUI/+pbw4xhrHCvoC/aoc9SVw=="
    },
    "node_modules/ndarray-fft": {
      "version": "0.0.2",
      "resolved": "https://registry.npmjs.org/ndarray-fft/-/ndarray-fft-0.0.2.tgz",
      "integrity": "sha512-zm3/bSOuLVFRYZD2N7z0wb7MfEhC0w9v7DBNTiKO7ULmB0Ynblzv1FIdS3yu+ZW33HBmI0VkBl0atENenVsHPA==",
      "dependencies": {
        "bit-twiddle": "~0.0.2",
        "cwise": "~0.1.2",
        "ndarray": "~0.2.0",
        "ndarray-ops": "~0.1.3",
        "typedarray-pool": "0.0.1"
      }
    },
    "node_modules/ndarray-fft/node_modules/typedarray-pool": {
      "version": "0.0.1",
      "resolved": "https://registry.npmjs.org/typedarray-pool/-/typedarray-pool-0.0.1.tgz",
      "integrity": "sha512-8PU+emzZqNGzTXNvYaT223cG2IhSLHNimrWwisEC/quYu7PTOyjESdMUl1mVytAeCHofDvxHUVWlFuJ1IkqfPw==",
      "dependencies": {
        "bit-twiddle": "~0.0.2",
        "dup": "~0.0.0"
      }
    },
    "node_modules/ndarray-ops": {
      "version": "0.1.3",
      "resolved": "https://registry.npmjs.org/ndarray-ops/-/ndarray-ops-0.1.3.tgz",
      "integrity": "sha512-Hh9tT1h4inGhM+dFocTYXOtIjq3PX/5LjBTbjF/ELwTwmApjcNH6qlD/29tbvRljcpwUPPVGyg9+JSQSuyqVag==",
      "dependencies": {
        "cwise": "~0.1.2",
        "ndarray": "~0.2.0"
      }
    },
    "node_modules/overlap-add": {
      "version": "0.0.0",
      "resolved": "https://registry.npmjs.org/overlap-add/-/overlap-add-0.0.0.tgz",
      "integrity": "sha512-FhnM3n/dUE81x4aGDVJMC2m3qh3JQ7anj7AtDdGjU0wdLM/HePcWJvCMJF7qzjB37DQTFaVZ+A5yd9/c3KCxOA=="
    },
    "node_modules/pitch-shift": {
      "version": "0.0.0",
      "resolved": "https://registry.npmjs.org/pitch-shift/-/pitch-shift-0.0.0.tgz",
      "integrity": "sha512-tebLbkWoDosEKXDmUuJK3wGTDwvZHmmPGUrpaXv7mea8gVJgY+RqllQnVDXffNRvLiB/kTGByinVr5V/Q84Seg==",
      "dependencies": {
        "detect-pitch": "~0.1.2",
        "frame-hop": "~0.0.0",
        "overlap-add": "~0.0.0",
        "typedarray-pool": "~0.1.1"
      }
    },
    "node_modules/typedarray-pool": {
      "version": "0.1.2",
      "resolved": "https://registry.npmjs.org/typedarray-pool/-/typedarray-pool-0.1.2.tgz",
      "integrity": "sha512-VwKhM9XrrG2aCWsKmELft4NU0EDgkPNMAXJud8x04UrFjJMlib9ET2G0TlphKaHtn688T1ZGmaOtJ7PshHl9PA==",
      "dependencies": {
        "bit-twiddle": "~0.0.2",
        "dup": "~0.0.0"
      }
    }
  },
  "dependencies": {
    "bit-twiddle": {
      "version": "0.0.2",
      "resolved": "https://registry.npmjs.org/bit-twiddle/-/bit-twiddle-0.0.2.tgz",
      "integrity": "sha512-76iFAOrkcuw5UPA30Pt32XaytMHXz/04JembgIwsQAp7ImHYSWNq1shBbrlWf6CUvh1+amQ81LI8hNhqQgsBEw=="
    },
    "cwise": {
      "version": "0.1.2",
      "resolved": "https://registry.npmjs.org/cwise/-/cwise-0.1.2.tgz",
      "integrity": "sha512-eXla00JmiEzetUZM3d5/YBHZyaBGj6HZFAIvOLenjtJl/aVm9OK+8MIi91WnLvWp54MxCq/cJazQFBNS4XDL4g==",
      "requires": {
        "falafel": "~0.1.6"
      }
    },
    "detect-pitch": {
      "version": "0.1.2",
      "resolved": "https://registry.npmjs.org/detect-pitch/-/detect-pitch-0.1.2.tgz",
      "integrity": "sha512-dsIRyIGumgAkTGODB2SEQGf0xK++41Xv8fXPFUdqIJDG/t+eR8q5D/JcvPae8ikvbef+tQ2RxI1FaVsKwV9deA==",
      "requires": {
        "bit-twiddle": "~0.0.2",
        "ndarray": "~0.2.4",
        "ndarray-fft": "~0.0.2",
        "ndarray-ops": "~0.1.3",
        "typedarray-pool": "~0.1.1"
      }
    },
    "dup": {
      "version": "0.0.0",
      "resolved": "https://registry.npmjs.org/dup/-/dup-0.0.0.tgz",
      "integrity": "sha512-gfPVn3o0/vNDPsVcLGQqwrVXBELWi4EyIo+Pl6ImnYpXEHbfGPfc6m5bfJlBQI8dr8d8A4AlDaH/inn331GIEA=="
    },
    "esprima": {
      "version": "1.0.4",
      "resolved": "https://registry.npmjs.org/esprima/-/esprima-1.0.4.tgz",
      "integrity": "sha512-rp5dMKN8zEs9dfi9g0X1ClLmV//WRyk/R15mppFNICIFRG5P92VP7Z04p8pk++gABo9W2tY+kHyu6P1mEHgmTA=="
    },
    "falafel": {
      "version": "0.1.6",
      "resolved": "https://registry.npmjs.org/falafel/-/falafel-0.1.6.tgz",
      "integrity": "sha512-r1s3VwKzm6PB35MZmnfZoF6NTgSKRxf8How2lBsrDq81OsYXb/2fR8ysfURHCTlFpqJDQVA88iB70wFrFRYDsA==",
      "requires": {
        "esprima": "~1.0.2"
      }
    },
    "frame-hop": {
      "version": "0.0.0",
      "resolved": "https://registry.npmjs.org/frame-hop/-/frame-hop-0.0.0.tgz",
      "integrity": "sha512-rOZAZ2cT1oLiKYKQdlG40fktu8Pma8RYyqCxgoiGPno1hoRwo9G39i2KPFwkfzBecJGL8V/312QynNNR/1+W7w=="
    },
    "ndarray": {
      "version": "0.2.4",
      "resolved": "https://registry.npmjs.org/ndarray/-/ndarray-0.2.4.tgz",
      "integrity": "sha512-LJMawx4VXPIwq5WgaFzBjT/+gvOq45VNqlhSDcm+n39Yqc3CRZwgYB8ZWNnQZUUI/+pbw4xhrHCvoC/aoc9SVw=="
    },
    "ndarray-fft": {
      "version": "0.0.2",
      "resolved": "https://registry.npmjs.org/ndarray-fft/-/ndarray-fft-0.0.2.tgz",
      "integrity": "sha512-zm3/bSOuLVFRYZD2N7z0wb7MfEhC0w9v7DBNTiKO7ULmB0Ynblzv1FIdS3yu+ZW33HBmI0VkBl0atENenVsHPA==",
      "requires": {
        "bit-twiddle": "~0.0.2",
        "cwise": "~0.1.2",
        "ndarray": "~0.2.0",
        "ndarray-ops": "~0.1.3",
        "typedarray-pool": "0.0.1"
      },
      "dependencies": {
        "typedarray-pool": {
          "version": "0.0.1",
          "resolved": "https://registry.npmjs.org/typedarray-pool/-/typedarray-pool-0.0.1.tgz",
          "integrity": "sha512-8PU+emzZqNGzTXNvYaT223cG2IhSLHNimrWwisEC/quYu7PTOyjESdMUl1mVytAeCHofDvxHUVWlFuJ1IkqfPw==",
          "requires": {
            "bit-twiddle": "~0.0.2",
            "dup": "~0.0.0"
          }
        }
      }
    },
    "ndarray-ops": {
      "version": "0.1.3",
      "resolved": "https://registry.npmjs.org/ndarray-ops/-/ndarray-ops-0.1.3.tgz",
      "integrity": "sha512-Hh9tT1h4inGhM+dFocTYXOtIjq3PX/5LjBTbjF/ELwTwmApjcNH6qlD/29tbvRljcpwUPPVGyg9+JSQSuyqVag==",
      "requires": {
        "cwise": "~0.1.2",
        "ndarray": "~0.2.0"
      }
    },
    "overlap-add": {
      "version": "0.0.0",
      "resolved": "https://registry.npmjs.org/overlap-add/-/overlap-add-0.0.0.tgz",
      "integrity": "sha512-FhnM3n/dUE81x4aGDVJMC2m3qh3JQ7anj7AtDdGjU0wdLM/HePcWJvCMJF7qzjB37DQTFaVZ+A5yd9/c3KCxOA=="
    },
    "pitch-shift": {
      "version": "0.0.0",
      "resolved": "https://registry.npmjs.org/pitch-shift/-/pitch-shift-0.0.0.tgz",
      "integrity": "sha512-tebLbkWoDosEKXDmUuJK3wGTDwvZHmmPGUrpaXv7mea8gVJgY+RqllQnVDXffNRvLiB/kTGByinVr5V/Q84Seg==",
      "requires": {
        "detect-pitch": "~0.1.2",
        "frame-hop": "~0.0.0",
        "overlap-add": "~0.0.0",
        "typedarray-pool": "~0.1.1"
      }
    },
    "typedarray-pool": {
      "version": "0.1.2",
      "resolved": "https://registry.npmjs.org/typedarray-pool/-/typedarray-pool-0.1.2.tgz",
      "integrity": "sha512-VwKhM9XrrG2aCWsKmELft4NU0EDgkPNMAXJud8x04UrFjJMlib9ET2G0TlphKaHtn688T1ZGmaOtJ7PshHl9PA==",
      "requires": {
        "bit-twiddle": "~0.0.2",
        "dup": "~0.0.0"
      }
    }
  }
}
